// !$*UTF8*$!
{
	archiveVersion = 1;
	classes = {
	};
	objectVersion = 56;
	objects = {

/* Begin PBXBuildFile section */
		EE18AEC229A85CDC004BF81C /* RepositoryCell.swift in Sources */ = {isa = PBXBuildFile; fileRef = EE18AEC129A85CDC004BF81C /* RepositoryCell.swift */; };
		EE2195DC29A724CA00707A65 /* ReactorKit in Frameworks */ = {isa = PBXBuildFile; productRef = EE2195DB29A724CA00707A65 /* ReactorKit */; };
		EE2195DF29A7251600707A65 /* Moya in Frameworks */ = {isa = PBXBuildFile; productRef = EE2195DE29A7251600707A65 /* Moya */; };
		EE2195E129A7251600707A65 /* RxMoya in Frameworks */ = {isa = PBXBuildFile; productRef = EE2195E029A7251600707A65 /* RxMoya */; };
		EE2195E329A7254300707A65 /* TestViewReactor.swift in Sources */ = {isa = PBXBuildFile; fileRef = EE2195E229A7254300707A65 /* TestViewReactor.swift */; };
		EE2195E529A728B000707A65 /* SearchEndpoint.swift in Sources */ = {isa = PBXBuildFile; fileRef = EE2195E429A728B000707A65 /* SearchEndpoint.swift */; };
		EE2195EB29A72F5900707A65 /* RepositoryModelProvider.swift in Sources */ = {isa = PBXBuildFile; fileRef = EE2195EA29A72F5900707A65 /* RepositoryModelProvider.swift */; };
		EE2195EE29A737A900707A65 /* RepositoryData.swift in Sources */ = {isa = PBXBuildFile; fileRef = EE2195ED29A737A900707A65 /* RepositoryData.swift */; };
		EE2195F029A7383D00707A65 /* RepositoryModel.swift in Sources */ = {isa = PBXBuildFile; fileRef = EE2195EF29A7383D00707A65 /* RepositoryModel.swift */; };
		EE3F6FD429AAE7BF008FD8B3 /* Collection+Extension.swift in Sources */ = {isa = PBXBuildFile; fileRef = EE3F6FD329AAE7BF008FD8B3 /* Collection+Extension.swift */; };
		EE3F6FD629AAE7DC008FD8B3 /* Int+Extension.swift in Sources */ = {isa = PBXBuildFile; fileRef = EE3F6FD529AAE7DC008FD8B3 /* Int+Extension.swift */; };
		EE3F6FD829AAE80B008FD8B3 /* UIView+Extension.swift in Sources */ = {isa = PBXBuildFile; fileRef = EE3F6FD729AAE80B008FD8B3 /* UIView+Extension.swift */; };
		EE3F6FDA29AAEEE3008FD8B3 /* SearchTextFieldBarView.swift in Sources */ = {isa = PBXBuildFile; fileRef = EE3F6FD929AAEEE3008FD8B3 /* SearchTextFieldBarView.swift */; };
		EEA1217729A73B3800E030EB /* BaseNetworkAgent.swift in Sources */ = {isa = PBXBuildFile; fileRef = EEA1217629A73B3800E030EB /* BaseNetworkAgent.swift */; };
		EEDC61B329A7126A00193A6C /* AppDelegate.swift in Sources */ = {isa = PBXBuildFile; fileRef = EEDC61B229A7126A00193A6C /* AppDelegate.swift */; };
		EEDC61B529A7126A00193A6C /* SceneDelegate.swift in Sources */ = {isa = PBXBuildFile; fileRef = EEDC61B429A7126A00193A6C /* SceneDelegate.swift */; };
		EEDC61B729A7126A00193A6C /* TestViewController.swift in Sources */ = {isa = PBXBuildFile; fileRef = EEDC61B629A7126A00193A6C /* TestViewController.swift */; };
		EEDC61BC29A7126B00193A6C /* Assets.xcassets in Resources */ = {isa = PBXBuildFile; fileRef = EEDC61BB29A7126B00193A6C /* Assets.xcassets */; };
		EEDC61BF29A7126B00193A6C /* LaunchScreen.storyboard in Resources */ = {isa = PBXBuildFile; fileRef = EEDC61BD29A7126B00193A6C /* LaunchScreen.storyboard */; };
		EEDC61CA29A719B500193A6C /* SnapKit in Frameworks */ = {isa = PBXBuildFile; productRef = EEDC61C929A719B500193A6C /* SnapKit */; };
		EEDC61D429A7247A00193A6C /* RxCocoa in Frameworks */ = {isa = PBXBuildFile; productRef = EEDC61D329A7247A00193A6C /* RxCocoa */; };
		EEDC61D629A7247A00193A6C /* RxRelay in Frameworks */ = {isa = PBXBuildFile; productRef = EEDC61D529A7247A00193A6C /* RxRelay */; };
		EEDC61D829A7247A00193A6C /* RxSwift in Frameworks */ = {isa = PBXBuildFile; productRef = EEDC61D729A7247A00193A6C /* RxSwift */; };
/* End PBXBuildFile section */

/* Begin PBXFileReference section */
		EE18AEC129A85CDC004BF81C /* RepositoryCell.swift */ = {isa = PBXFileReference; lastKnownFileType = sourcecode.swift; path = RepositoryCell.swift; sourceTree = "<group>"; };
		EE2195E229A7254300707A65 /* TestViewReactor.swift */ = {isa = PBXFileReference; lastKnownFileType = sourcecode.swift; path = TestViewReactor.swift; sourceTree = "<group>"; };
		EE2195E429A728B000707A65 /* SearchEndpoint.swift */ = {isa = PBXFileReference; lastKnownFileType = sourcecode.swift; path = SearchEndpoint.swift; sourceTree = "<group>"; };
		EE2195EA29A72F5900707A65 /* RepositoryModelProvider.swift */ = {isa = PBXFileReference; lastKnownFileType = sourcecode.swift; path = RepositoryModelProvider.swift; sourceTree = "<group>"; };
		EE2195ED29A737A900707A65 /* RepositoryData.swift */ = {isa = PBXFileReference; lastKnownFileType = sourcecode.swift; path = RepositoryData.swift; sourceTree = "<group>"; };
		EE2195EF29A7383D00707A65 /* RepositoryModel.swift */ = {isa = PBXFileReference; lastKnownFileType = sourcecode.swift; path = RepositoryModel.swift; sourceTree = "<group>"; };
		EE3F6FD329AAE7BF008FD8B3 /* Collection+Extension.swift */ = {isa = PBXFileReference; lastKnownFileType = sourcecode.swift; path = "Collection+Extension.swift"; sourceTree = "<group>"; };
		EE3F6FD529AAE7DC008FD8B3 /* Int+Extension.swift */ = {isa = PBXFileReference; lastKnownFileType = sourcecode.swift; path = "Int+Extension.swift"; sourceTree = "<group>"; };
		EE3F6FD729AAE80B008FD8B3 /* UIView+Extension.swift */ = {isa = PBXFileReference; lastKnownFileType = sourcecode.swift; path = "UIView+Extension.swift"; sourceTree = "<group>"; };
		EE3F6FD929AAEEE3008FD8B3 /* SearchTextFieldBarView.swift */ = {isa = PBXFileReference; lastKnownFileType = sourcecode.swift; path = SearchTextFieldBarView.swift; sourceTree = "<group>"; };
		EEA1217629A73B3800E030EB /* BaseNetworkAgent.swift */ = {isa = PBXFileReference; fileEncoding = 4; lastKnownFileType = sourcecode.swift; path = BaseNetworkAgent.swift; sourceTree = "<group>"; };
		EEDC61AF29A7126A00193A6C /* repos-search-gh.app */ = {isa = PBXFileReference; explicitFileType = wrapper.application; includeInIndex = 0; path = "repos-search-gh.app"; sourceTree = BUILT_PRODUCTS_DIR; };
		EEDC61B229A7126A00193A6C /* AppDelegate.swift */ = {isa = PBXFileReference; lastKnownFileType = sourcecode.swift; path = AppDelegate.swift; sourceTree = "<group>"; };
		EEDC61B429A7126A00193A6C /* SceneDelegate.swift */ = {isa = PBXFileReference; lastKnownFileType = sourcecode.swift; path = SceneDelegate.swift; sourceTree = "<group>"; };
		EEDC61B629A7126A00193A6C /* TestViewController.swift */ = {isa = PBXFileReference; lastKnownFileType = sourcecode.swift; path = TestViewController.swift; sourceTree = "<group>"; };
		EEDC61BB29A7126B00193A6C /* Assets.xcassets */ = {isa = PBXFileReference; lastKnownFileType = folder.assetcatalog; path = Assets.xcassets; sourceTree = "<group>"; };
		EEDC61BE29A7126B00193A6C /* Base */ = {isa = PBXFileReference; lastKnownFileType = file.storyboard; name = Base; path = Base.lproj/LaunchScreen.storyboard; sourceTree = "<group>"; };
		EEDC61C029A7126B00193A6C /* Info.plist */ = {isa = PBXFileReference; lastKnownFileType = text.plist.xml; path = Info.plist; sourceTree = "<group>"; };
/* End PBXFileReference section */

/* Begin PBXFrameworksBuildPhase section */
		EEDC61AC29A7126A00193A6C /* Frameworks */ = {
			isa = PBXFrameworksBuildPhase;
			buildActionMask = 2147483647;
			files = (
				EEDC61D429A7247A00193A6C /* RxCocoa in Frameworks */,
				EEDC61CA29A719B500193A6C /* SnapKit in Frameworks */,
				EE2195DF29A7251600707A65 /* Moya in Frameworks */,
				EEDC61D829A7247A00193A6C /* RxSwift in Frameworks */,
				EE2195E129A7251600707A65 /* RxMoya in Frameworks */,
				EE2195DC29A724CA00707A65 /* ReactorKit in Frameworks */,
				EEDC61D629A7247A00193A6C /* RxRelay in Frameworks */,
			);
			runOnlyForDeploymentPostprocessing = 0;
		};
/* End PBXFrameworksBuildPhase section */

/* Begin PBXGroup section */
		EE3F6FD229AAE7B1008FD8B3 /* Extension */ = {
			isa = PBXGroup;
			children = (
				EE3F6FD329AAE7BF008FD8B3 /* Collection+Extension.swift */,
				EE3F6FD529AAE7DC008FD8B3 /* Int+Extension.swift */,
				EE3F6FD729AAE80B008FD8B3 /* UIView+Extension.swift */,
			);
			path = Extension;
			sourceTree = "<group>";
		};
		EEA1217529A73B3800E030EB /* Core */ = {
			isa = PBXGroup;
			children = (
				EEA1217629A73B3800E030EB /* BaseNetworkAgent.swift */,
			);
			path = Core;
			sourceTree = "<group>";
		};
		EEDC61A629A7126A00193A6C = {
			isa = PBXGroup;
			children = (
				EEDC61B129A7126A00193A6C /* repos-search-gh */,
				EEDC61B029A7126A00193A6C /* Products */,
			);
			sourceTree = "<group>";
		};
		EEDC61B029A7126A00193A6C /* Products */ = {
			isa = PBXGroup;
			children = (
				EEDC61AF29A7126A00193A6C /* repos-search-gh.app */,
			);
			name = Products;
			sourceTree = "<group>";
		};
		EEDC61B129A7126A00193A6C /* repos-search-gh */ = {
			isa = PBXGroup;
			children = (
				EEDC61C729A712D600193A6C /* Launching */,
				EEDC61B629A7126A00193A6C /* TestViewController.swift */,
				EE3F6FD929AAEEE3008FD8B3 /* SearchTextFieldBarView.swift */,
				EE18AEC129A85CDC004BF81C /* RepositoryCell.swift */,
				EE2195E229A7254300707A65 /* TestViewReactor.swift */,
				EE2195EA29A72F5900707A65 /* RepositoryModelProvider.swift */,
				EE2195EF29A7383D00707A65 /* RepositoryModel.swift */,
				EE2195E429A728B000707A65 /* SearchEndpoint.swift */,
				EE2195ED29A737A900707A65 /* RepositoryData.swift */,
				EEA1217529A73B3800E030EB /* Core */,
				EE3F6FD229AAE7B1008FD8B3 /* Extension */,
				EEDC61C629A712AC00193A6C /* Resources */,
			);
			path = "repos-search-gh";
			sourceTree = "<group>";
		};
		EEDC61C629A712AC00193A6C /* Resources */ = {
			isa = PBXGroup;
			children = (
				EEDC61BB29A7126B00193A6C /* Assets.xcassets */,
				EEDC61C029A7126B00193A6C /* Info.plist */,
			);
			path = Resources;
			sourceTree = "<group>";
		};
		EEDC61C729A712D600193A6C /* Launching */ = {
			isa = PBXGroup;
			children = (
				EEDC61BD29A7126B00193A6C /* LaunchScreen.storyboard */,
				EEDC61B229A7126A00193A6C /* AppDelegate.swift */,
				EEDC61B429A7126A00193A6C /* SceneDelegate.swift */,
			);
			path = Launching;
			sourceTree = "<group>";
		};
/* End PBXGroup section */

/* Begin PBXNativeTarget section */
		EEDC61AE29A7126A00193A6C /* repos-search-gh */ = {
			isa = PBXNativeTarget;
			buildConfigurationList = EEDC61C329A7126B00193A6C /* Build configuration list for PBXNativeTarget "repos-search-gh" */;
			buildPhases = (
				EEDC61AB29A7126A00193A6C /* Sources */,
				EEDC61AC29A7126A00193A6C /* Frameworks */,
				EEDC61AD29A7126A00193A6C /* Resources */,
			);
			buildRules = (
			);
			dependencies = (
			);
			name = "repos-search-gh";
			packageProductDependencies = (
				EEDC61C929A719B500193A6C /* SnapKit */,
				EEDC61D329A7247A00193A6C /* RxCocoa */,
				EEDC61D529A7247A00193A6C /* RxRelay */,
				EEDC61D729A7247A00193A6C /* RxSwift */,
				EE2195DB29A724CA00707A65 /* ReactorKit */,
				EE2195DE29A7251600707A65 /* Moya */,
				EE2195E029A7251600707A65 /* RxMoya */,
			);
			productName = "repos-search-gh";
			productReference = EEDC61AF29A7126A00193A6C /* repos-search-gh.app */;
			productType = "com.apple.product-type.application";
		};
/* End PBXNativeTarget section */

/* Begin PBXProject section */
		EEDC61A729A7126A00193A6C /* Project object */ = {
			isa = PBXProject;
			attributes = {
				BuildIndependentTargetsInParallel = 1;
				LastSwiftUpdateCheck = 1420;
				LastUpgradeCheck = 1420;
				TargetAttributes = {
					EEDC61AE29A7126A00193A6C = {
						CreatedOnToolsVersion = 14.2;
					};
				};
			};
			buildConfigurationList = EEDC61AA29A7126A00193A6C /* Build configuration list for PBXProject "repos-search-gh" */;
			compatibilityVersion = "Xcode 14.0";
			developmentRegion = en;
			hasScannedForEncodings = 0;
			knownRegions = (
				en,
				Base,
			);
			mainGroup = EEDC61A629A7126A00193A6C;
			packageReferences = (
				EEDC61C829A719B500193A6C /* XCRemoteSwiftPackageReference "SnapKit" */,
				EEDC61D029A7247A00193A6C /* XCRemoteSwiftPackageReference "RxSwift" */,
				EE2195DA29A724CA00707A65 /* XCRemoteSwiftPackageReference "ReactorKit" */,
				EE2195DD29A7251600707A65 /* XCRemoteSwiftPackageReference "Moya" */,
			);
			productRefGroup = EEDC61B029A7126A00193A6C /* Products */;
			projectDirPath = "";
			projectRoot = "";
			targets = (
				EEDC61AE29A7126A00193A6C /* repos-search-gh */,
			);
		};
/* End PBXProject section */

/* Begin PBXResourcesBuildPhase section */
		EEDC61AD29A7126A00193A6C /* Resources */ = {
			isa = PBXResourcesBuildPhase;
			buildActionMask = 2147483647;
			files = (
				EEDC61BF29A7126B00193A6C /* LaunchScreen.storyboard in Resources */,
				EEDC61BC29A7126B00193A6C /* Assets.xcassets in Resources */,
			);
			runOnlyForDeploymentPostprocessing = 0;
		};
/* End PBXResourcesBuildPhase section */

/* Begin PBXSourcesBuildPhase section */
		EEDC61AB29A7126A00193A6C /* Sources */ = {
			isa = PBXSourcesBuildPhase;
			buildActionMask = 2147483647;
			files = (
				EE3F6FD429AAE7BF008FD8B3 /* Collection+Extension.swift in Sources */,
				EE3F6FD829AAE80B008FD8B3 /* UIView+Extension.swift in Sources */,
				EE3F6FDA29AAEEE3008FD8B3 /* SearchTextFieldBarView.swift in Sources */,
				EEDC61B729A7126A00193A6C /* TestViewController.swift in Sources */,
				EEA1217729A73B3800E030EB /* BaseNetworkAgent.swift in Sources */,
				EEDC61B329A7126A00193A6C /* AppDelegate.swift in Sources */,
				EE2195F029A7383D00707A65 /* RepositoryModel.swift in Sources */,
				EE2195E529A728B000707A65 /* SearchEndpoint.swift in Sources */,
				EE18AEC229A85CDC004BF81C /* RepositoryCell.swift in Sources */,
				EE2195EE29A737A900707A65 /* RepositoryData.swift in Sources */,
				EE2195EB29A72F5900707A65 /* RepositoryModelProvider.swift in Sources */,
				EE3F6FD629AAE7DC008FD8B3 /* Int+Extension.swift in Sources */,
				EEDC61B529A7126A00193A6C /* SceneDelegate.swift in Sources */,
				EE2195E329A7254300707A65 /* TestViewReactor.swift in Sources */,
			);
			runOnlyForDeploymentPostprocessing = 0;
		};
/* End PBXSourcesBuildPhase section */

/* Begin PBXVariantGroup section */
		EEDC61BD29A7126B00193A6C /* LaunchScreen.storyboard */ = {
			isa = PBXVariantGroup;
			children = (
				EEDC61BE29A7126B00193A6C /* Base */,
			);
			name = LaunchScreen.storyboard;
			sourceTree = "<group>";
		};
/* End PBXVariantGroup section */

/* Begin XCBuildConfiguration section */
		EEDC61C129A7126B00193A6C /* Debug */ = {
			isa = XCBuildConfiguration;
			buildSettings = {
				ALWAYS_SEARCH_USER_PATHS = NO;
				CLANG_ANALYZER_NONNULL = YES;
				CLANG_ANALYZER_NUMBER_OBJECT_CONVERSION = YES_AGGRESSIVE;
				CLANG_CXX_LANGUAGE_STANDARD = "gnu++20";
				CLANG_ENABLE_MODULES = YES;
				CLANG_ENABLE_OBJC_ARC = YES;
				CLANG_ENABLE_OBJC_WEAK = YES;
				CLANG_WARN_BLOCK_CAPTURE_AUTORELEASING = YES;
				CLANG_WARN_BOOL_CONVERSION = YES;
				CLANG_WARN_COMMA = YES;
				CLANG_WARN_CONSTANT_CONVERSION = YES;
				CLANG_WARN_DEPRECATED_OBJC_IMPLEMENTATIONS = YES;
				CLANG_WARN_DIRECT_OBJC_ISA_USAGE = YES_ERROR;
				CLANG_WARN_DOCUMENTATION_COMMENTS = YES;
				CLANG_WARN_EMPTY_BODY = YES;
				CLANG_WARN_ENUM_CONVERSION = YES;
				CLANG_WARN_INFINITE_RECURSION = YES;
				CLANG_WARN_INT_CONVERSION = YES;
				CLANG_WARN_NON_LITERAL_NULL_CONVERSION = YES;
				CLANG_WARN_OBJC_IMPLICIT_RETAIN_SELF = YES;
				CLANG_WARN_OBJC_LITERAL_CONVERSION = YES;
				CLANG_WARN_OBJC_ROOT_CLASS = YES_ERROR;
				CLANG_WARN_QUOTED_INCLUDE_IN_FRAMEWORK_HEADER = YES;
				CLANG_WARN_RANGE_LOOP_ANALYSIS = YES;
				CLANG_WARN_STRICT_PROTOTYPES = YES;
				CLANG_WARN_SUSPICIOUS_MOVE = YES;
				CLANG_WARN_UNGUARDED_AVAILABILITY = YES_AGGRESSIVE;
				CLANG_WARN_UNREACHABLE_CODE = YES;
				CLANG_WARN__DUPLICATE_METHOD_MATCH = YES;
				COPY_PHASE_STRIP = NO;
				DEBUG_INFORMATION_FORMAT = dwarf;
				ENABLE_STRICT_OBJC_MSGSEND = YES;
				ENABLE_TESTABILITY = YES;
				GCC_C_LANGUAGE_STANDARD = gnu11;
				GCC_DYNAMIC_NO_PIC = NO;
				GCC_NO_COMMON_BLOCKS = YES;
				GCC_OPTIMIZATION_LEVEL = 0;
				GCC_PREPROCESSOR_DEFINITIONS = (
					"DEBUG=1",
					"$(inherited)",
				);
				GCC_WARN_64_TO_32_BIT_CONVERSION = YES;
				GCC_WARN_ABOUT_RETURN_TYPE = YES_ERROR;
				GCC_WARN_UNDECLARED_SELECTOR = YES;
				GCC_WARN_UNINITIALIZED_AUTOS = YES_AGGRESSIVE;
				GCC_WARN_UNUSED_FUNCTION = YES;
				GCC_WARN_UNUSED_VARIABLE = YES;
				IPHONEOS_DEPLOYMENT_TARGET = 16.0;
				MTL_ENABLE_DEBUG_INFO = INCLUDE_SOURCE;
				MTL_FAST_MATH = YES;
				ONLY_ACTIVE_ARCH = YES;
				SDKROOT = iphoneos;
				SWIFT_ACTIVE_COMPILATION_CONDITIONS = DEBUG;
				SWIFT_OPTIMIZATION_LEVEL = "-Onone";
			};
			name = Debug;
		};
		EEDC61C229A7126B00193A6C /* Release */ = {
			isa = XCBuildConfiguration;
			buildSettings = {
				ALWAYS_SEARCH_USER_PATHS = NO;
				CLANG_ANALYZER_NONNULL = YES;
				CLANG_ANALYZER_NUMBER_OBJECT_CONVERSION = YES_AGGRESSIVE;
				CLANG_CXX_LANGUAGE_STANDARD = "gnu++20";
				CLANG_ENABLE_MODULES = YES;
				CLANG_ENABLE_OBJC_ARC = YES;
				CLANG_ENABLE_OBJC_WEAK = YES;
				CLANG_WARN_BLOCK_CAPTURE_AUTORELEASING = YES;
				CLANG_WARN_BOOL_CONVERSION = YES;
				CLANG_WARN_COMMA = YES;
				CLANG_WARN_CONSTANT_CONVERSION = YES;
				CLANG_WARN_DEPRECATED_OBJC_IMPLEMENTATIONS = YES;
				CLANG_WARN_DIRECT_OBJC_ISA_USAGE = YES_ERROR;
				CLANG_WARN_DOCUMENTATION_COMMENTS = YES;
				CLANG_WARN_EMPTY_BODY = YES;
				CLANG_WARN_ENUM_CONVERSION = YES;
				CLANG_WARN_INFINITE_RECURSION = YES;
				CLANG_WARN_INT_CONVERSION = YES;
				CLANG_WARN_NON_LITERAL_NULL_CONVERSION = YES;
				CLANG_WARN_OBJC_IMPLICIT_RETAIN_SELF = YES;
				CLANG_WARN_OBJC_LITERAL_CONVERSION = YES;
				CLANG_WARN_OBJC_ROOT_CLASS = YES_ERROR;
				CLANG_WARN_QUOTED_INCLUDE_IN_FRAMEWORK_HEADER = YES;
				CLANG_WARN_RANGE_LOOP_ANALYSIS = YES;
				CLANG_WARN_STRICT_PROTOTYPES = YES;
				CLANG_WARN_SUSPICIOUS_MOVE = YES;
				CLANG_WARN_UNGUARDED_AVAILABILITY = YES_AGGRESSIVE;
				CLANG_WARN_UNREACHABLE_CODE = YES;
				CLANG_WARN__DUPLICATE_METHOD_MATCH = YES;
				COPY_PHASE_STRIP = NO;
				DEBUG_INFORMATION_FORMAT = "dwarf-with-dsym";
				ENABLE_NS_ASSERTIONS = NO;
				ENABLE_STRICT_OBJC_MSGSEND = YES;
				GCC_C_LANGUAGE_STANDARD = gnu11;
				GCC_NO_COMMON_BLOCKS = YES;
				GCC_WARN_64_TO_32_BIT_CONVERSION = YES;
				GCC_WARN_ABOUT_RETURN_TYPE = YES_ERROR;
				GCC_WARN_UNDECLARED_SELECTOR = YES;
				GCC_WARN_UNINITIALIZED_AUTOS = YES_AGGRESSIVE;
				GCC_WARN_UNUSED_FUNCTION = YES;
				GCC_WARN_UNUSED_VARIABLE = YES;
				IPHONEOS_DEPLOYMENT_TARGET = 16.0;
				MTL_ENABLE_DEBUG_INFO = NO;
				MTL_FAST_MATH = YES;
				SDKROOT = iphoneos;
				SWIFT_COMPILATION_MODE = wholemodule;
				SWIFT_OPTIMIZATION_LEVEL = "-O";
				VALIDATE_PRODUCT = YES;
			};
			name = Release;
		};
		EEDC61C429A7126B00193A6C /* Debug */ = {
			isa = XCBuildConfiguration;
			buildSettings = {
				ASSETCATALOG_COMPILER_APPICON_NAME = AppIcon;
				ASSETCATALOG_COMPILER_GLOBAL_ACCENT_COLOR_NAME = AccentColor;
				CODE_SIGN_STYLE = Automatic;
				CURRENT_PROJECT_VERSION = 1;
				DEVELOPMENT_TEAM = 57FU9D743A;
				GENERATE_INFOPLIST_FILE = YES;
				INFOPLIST_FILE = "repos-search-gh/Resources/Info.plist";
				INFOPLIST_KEY_UIApplicationSupportsIndirectInputEvents = YES;
				INFOPLIST_KEY_UILaunchStoryboardName = LaunchScreen;
				INFOPLIST_KEY_UISupportedInterfaceOrientations = UIInterfaceOrientationPortrait;
				INFOPLIST_KEY_UISupportedInterfaceOrientations_iPad = "UIInterfaceOrientationLandscapeLeft UIInterfaceOrientationLandscapeRight UIInterfaceOrientationPortrait UIInterfaceOrientationPortraitUpsideDown";
				IPHONEOS_DEPLOYMENT_TARGET = 16.0;
				LD_RUNPATH_SEARCH_PATHS = (
					"$(inherited)",
					"@executable_path/Frameworks",
				);
				MARKETING_VERSION = 1.0;
				PRODUCT_BUNDLE_IDENTIFIER = "com.williciousk.repos-search-gh";
				PRODUCT_NAME = "$(TARGET_NAME)";
				SUPPORTED_PLATFORMS = "iphoneos iphonesimulator";
				SUPPORTS_MACCATALYST = NO;
				SUPPORTS_MAC_DESIGNED_FOR_IPHONE_IPAD = NO;
				SWIFT_EMIT_LOC_STRINGS = YES;
				SWIFT_VERSION = 5.0;
				TARGETED_DEVICE_FAMILY = 1;
			};
			name = Debug;
		};
		EEDC61C529A7126B00193A6C /* Release */ = {
			isa = XCBuildConfiguration;
			buildSettings = {
				ASSETCATALOG_COMPILER_APPICON_NAME = AppIcon;
				ASSETCATALOG_COMPILER_GLOBAL_ACCENT_COLOR_NAME = AccentColor;
				CODE_SIGN_STYLE = Automatic;
				CURRENT_PROJECT_VERSION = 1;
				DEVELOPMENT_TEAM = 57FU9D743A;
				GENERATE_INFOPLIST_FILE = YES;
				INFOPLIST_FILE = "repos-search-gh/Resources/Info.plist";
				INFOPLIST_KEY_UIApplicationSupportsIndirectInputEvents = YES;
				INFOPLIST_KEY_UILaunchStoryboardName = LaunchScreen;
				INFOPLIST_KEY_UISupportedInterfaceOrientations = UIInterfaceOrientationPortrait;
				INFOPLIST_KEY_UISupportedInterfaceOrientations_iPad = "UIInterfaceOrientationLandscapeLeft UIInterfaceOrientationLandscapeRight UIInterfaceOrientationPortrait UIInterfaceOrientationPortraitUpsideDown";
				IPHONEOS_DEPLOYMENT_TARGET = 16.0;
				LD_RUNPATH_SEARCH_PATHS = (
					"$(inherited)",
					"@executable_path/Frameworks",
				);
				MARKETING_VERSION = 1.0;
				PRODUCT_BUNDLE_IDENTIFIER = "com.williciousk.repos-search-gh";
				PRODUCT_NAME = "$(TARGET_NAME)";
				SUPPORTED_PLATFORMS = "iphoneos iphonesimulator";
				SUPPORTS_MACCATALYST = NO;
				SUPPORTS_MAC_DESIGNED_FOR_IPHONE_IPAD = NO;
				SWIFT_EMIT_LOC_STRINGS = YES;
				SWIFT_VERSION = 5.0;
				TARGETED_DEVICE_FAMILY = 1;
			};
			name = Release;
		};
/* End XCBuildConfiguration section */

/* Begin XCConfigurationList section */
		EEDC61AA29A7126A00193A6C /* Build configuration list for PBXProject "repos-search-gh" */ = {
			isa = XCConfigurationList;
			buildConfigurations = (
				EEDC61C129A7126B00193A6C /* Debug */,
				EEDC61C229A7126B00193A6C /* Release */,
			);
			defaultConfigurationIsVisible = 0;
			defaultConfigurationName = Release;
		};
		EEDC61C329A7126B00193A6C /* Build configuration list for PBXNativeTarget "repos-search-gh" */ = {
			isa = XCConfigurationList;
			buildConfigurations = (
				EEDC61C429A7126B00193A6C /* Debug */,
				EEDC61C529A7126B00193A6C /* Release */,
			);
			defaultConfigurationIsVisible = 0;
			defaultConfigurationName = Release;
		};
/* End XCConfigurationList section */

/* Begin XCRemoteSwiftPackageReference section */
		EE2195DA29A724CA00707A65 /* XCRemoteSwiftPackageReference "ReactorKit" */ = {
			isa = XCRemoteSwiftPackageReference;
			repositoryURL = "https://github.com/ReactorKit/ReactorKit";
			requirement = {
				kind = upToNextMinorVersion;
				minimumVersion = 3.2.0;
			};
		};
		EE2195DD29A7251600707A65 /* XCRemoteSwiftPackageReference "Moya" */ = {
			isa = XCRemoteSwiftPackageReference;
			repositoryURL = "https://github.com/Moya/Moya.git";
			requirement = {
				kind = upToNextMinorVersion;
				minimumVersion = 15.0.3;
			};
		};
		EEDC61C829A719B500193A6C /* XCRemoteSwiftPackageReference "SnapKit" */ = {
			isa = XCRemoteSwiftPackageReference;
			repositoryURL = "https://github.com/SnapKit/SnapKit.git";
			requirement = {
				kind = upToNextMinorVersion;
				minimumVersion = 5.6.0;
			};
		};
		EEDC61D029A7247A00193A6C /* XCRemoteSwiftPackageReference "RxSwift" */ = {
			isa = XCRemoteSwiftPackageReference;
			repositoryURL = "https://github.com/ReactiveX/RxSwift";
			requirement = {
				kind = upToNextMinorVersion;
				minimumVersion = 6.5.0;
			};
		};
/* End XCRemoteSwiftPackageReference section */

/* Begin XCSwiftPackageProductDependency section */
		EE2195DB29A724CA00707A65 /* ReactorKit */ = {
			isa = XCSwiftPackageProductDependency;
			package = EE2195DA29A724CA00707A65 /* XCRemoteSwiftPackageReference "ReactorKit" */;
			productName = ReactorKit;
		};
		EE2195DE29A7251600707A65 /* Moya */ = {
			isa = XCSwiftPackageProductDependency;
			package = EE2195DD29A7251600707A65 /* XCRemoteSwiftPackageReference "Moya" */;
			productName = Moya;
		};
		EE2195E029A7251600707A65 /* RxMoya */ = {
			isa = XCSwiftPackageProductDependency;
			package = EE2195DD29A7251600707A65 /* XCRemoteSwiftPackageReference "Moya" */;
			productName = RxMoya;
		};
		EEDC61C929A719B500193A6C /* SnapKit */ = {
			isa = XCSwiftPackageProductDependency;
			package = EEDC61C829A719B500193A6C /* XCRemoteSwiftPackageReference "SnapKit" */;
			productName = SnapKit;
		};
		EEDC61D329A7247A00193A6C /* RxCocoa */ = {
			isa = XCSwiftPackageProductDependency;
			package = EEDC61D029A7247A00193A6C /* XCRemoteSwiftPackageReference "RxSwift" */;
			productName = RxCocoa;
		};
		EEDC61D529A7247A00193A6C /* RxRelay */ = {
			isa = XCSwiftPackageProductDependency;
			package = EEDC61D029A7247A00193A6C /* XCRemoteSwiftPackageReference "RxSwift" */;
			productName = RxRelay;
		};
		EEDC61D729A7247A00193A6C /* RxSwift */ = {
			isa = XCSwiftPackageProductDependency;
			package = EEDC61D029A7247A00193A6C /* XCRemoteSwiftPackageReference "RxSwift" */;
			productName = RxSwift;
		};
/* End XCSwiftPackageProductDependency section */
	};
	rootObject = EEDC61A729A7126A00193A6C /* Project object */;
}
